
Microsoft Visual Studio Solution File, Format Version 12.00
# Visual Studio Version 17
VisualStudioVersion = 17.8.34511.84
MinimumVisualStudioVersion = 10.0.40219.1
Project("{FAE04EC0-301F-11D3-BF4B-00C04F79EFBC}") = "MyCopyExtensionVs", "MyCopyExtensionVs.csproj", "{37E80F46-9705-498E-9E03-E1653CE1268F}"
EndProject
Global
	GlobalSection(SolutionConfigurationPlatforms) = preSolution
		Debug|x64 = Debug|x64
		Release|x64 = Release|x64
	EndGlobalSection
	GlobalSection(ProjectConfigurationPlatforms) = postSolution
		{37E80F46-9705-498E-9E03-E1653CE1268F}.Debug|x64.ActiveCfg = Debug|x64
		{37E80F46-9705-498E-9E03-E1653CE1268F}.Debug|x64.Build.0 = Debug|x64
		{37E80F46-9705-498E-9E03-E1653CE1268F}.Release|x64.ActiveCfg = Release|x64
		{37E80F46-9705-498E-9E03-E1653CE1268F}.Release|x64.Build.0 = Release|x64
	EndGlobalSection
	GlobalSection(SolutionProperties) = preSolution
		HideSolutionNode = FALSE
	EndGlobalSection
	GlobalSection(ExtensibilityGlobals) = postSolution
		SolutionGuid = {3B867F3D-E816-49AD-AD44-9B07EA2CD2D9}
	EndGlobalSection
EndGlobal
